Microsoft Visual Studio Solution File, Format Version 12.00
# Visual Studio Version 18
VisualStudioVersion = 18.4.11626.88
MinimumVisualStudioVersion = 10.0.40219.1
Project("{FAE04EC0-301F-11D3-BF4B-00C04F79EFBC}") = "Website", "Website.csproj", "{F1593BF9-FB90-C1F7-8CDC-9A0761F87E74}"
EndProject
Global
	GlobalSection(SolutionConfigurationPlatforms) = preSolution
		Debug|Any CPU = Debug|Any CPU
		Release|Any CPU = Release|Any CPU
	EndGlobalSection
	GlobalSection(ProjectConfigurationPlatforms) = postSolution
		{F1593BF9-FB90-C1F7-8CDC-9A0761F87E74}.Debug|Any CPU.ActiveCfg = Debug|Any CPU
		{F1593BF9-FB90-C1F7-8CDC-9A0761F87E74}.Debug|Any CPU.Build.0 = Debug|Any CPU
		{F1593BF9-FB90-C1F7-8CDC-9A0761F87E74}.Release|Any CPU.ActiveCfg = Release|Any CPU
		{F1593BF9-FB90-C1F7-8CDC-9A0761F87E74}.Release|Any CPU.Build.0 = Release|Any CPU
	EndGlobalSection
	GlobalSection(SolutionProperties) = preSolution
		HideSolutionNode = FALSE
	EndGlobalSection
	GlobalSection(ExtensibilityGlobals) = postSolution
		SolutionGuid = {CA67F975-85F3-4527-970F-8F726BB0EA75}
	EndGlobalSection
EndGlobal
